{
  "object": {
    "pins": [
      {
        "package": "DKCamera",
        "repositoryURL": "https://github.com/volvogroup-mobility/DKCamera",
        "state": {
          "branch": null,
          "revision": "4674cecf2600461007ad801ddc799f85e25a430e",
          "version": "1.6.8-abvolvo.1"
        }
      },
      {
        "package": "DKPhotoGallery",
        "repositoryURL": "https://github.com/zhangao0086/DKPhotoGallery",
        "state": {
          "branch": null,
          "revision": "ae75b13245761969d2714e69f2831b870534138c",
          "version": "0.0.19"
        }
      },
      {
        "package": "SDWebImage",
        "repositoryURL": "https://github.com/SDWebImage/SDWebImage",
        "state": {
          "branch": null,
          "revision": "10d06f6a33bafae8c164fbfd1f03391f6d4692b3",
          "version": "5.20.0"
        }
      },
      {
        "package": "SwiftyGif",
        "repositoryURL": "https://github.com/kirualex/SwiftyGif.git",
        "state": {
          "branch": null,
          "revision": "4430cbc148baa3907651d40562d96325426f409a",
          "version": "5.4.5"
        }
      },
      {
        "package": "TOCropViewController",
        "repositoryURL": "https://github.com/TimOliver/TOCropViewController",
        "state": {
          "branch": null,
          "revision": "a634cb7cdfd580006e79a6e74e64417fe9e9783b",
          "version": "2.7.4"
        }
      }
    ]
  },
  "version": 1
}
